
Microsoft Visual Studio Solution File, Format Version 12.00
# Visual Studio Version 17
VisualStudioVersion = 17.13.35913.81
MinimumVisualStudioVersion = 10.0.40219.1
Project("{FAE04EC0-301F-11D3-BF4B-00C04F79EFBC}") = "Etl.netDemo", "Etl.netDemo\Etl.netDemo.csproj", "{31DCFDEC-A0A3-6415-C770-0B0D6EEDC65D}"
EndProject
Project("{00D1A9C2-B5F0-4AF3-8072-F6C62B433612}") = "SourceDbProject", "SourceDbProject\SourceDbProject.sqlproj", "{4F57A7A8-8C0C-4011-9F8C-927B96886779}"
EndProject
Project("{00D1A9C2-B5F0-4AF3-8072-F6C62B433612}") = "TargetDbProject", "TargetDbProject\TargetDbProject.sqlproj", "{41E1ED02-B34D-451D-808C-AD6E80FB0ADC}"
EndProject
Global
	GlobalSection(SolutionConfigurationPlatforms) = preSolution
		Debug|Any CPU = Debug|Any CPU
		Release|Any CPU = Release|Any CPU
	EndGlobalSection
	GlobalSection(ProjectConfigurationPlatforms) = postSolution
		{31DCFDEC-A0A3-6415-C770-0B0D6EEDC65D}.Debug|Any CPU.ActiveCfg = Debug|Any CPU
		{31DCFDEC-A0A3-6415-C770-0B0D6EEDC65D}.Debug|Any CPU.Build.0 = Debug|Any CPU
		{31DCFDEC-A0A3-6415-C770-0B0D6EEDC65D}.Release|Any CPU.ActiveCfg = Release|Any CPU
		{31DCFDEC-A0A3-6415-C770-0B0D6EEDC65D}.Release|Any CPU.Build.0 = Release|Any CPU
		{4F57A7A8-8C0C-4011-9F8C-927B96886779}.Debug|Any CPU.ActiveCfg = Debug|Any CPU
		{4F57A7A8-8C0C-4011-9F8C-927B96886779}.Debug|Any CPU.Build.0 = Debug|Any CPU
		{4F57A7A8-8C0C-4011-9F8C-927B96886779}.Debug|Any CPU.Deploy.0 = Debug|Any CPU
		{4F57A7A8-8C0C-4011-9F8C-927B96886779}.Release|Any CPU.ActiveCfg = Release|Any CPU
		{4F57A7A8-8C0C-4011-9F8C-927B96886779}.Release|Any CPU.Build.0 = Release|Any CPU
		{4F57A7A8-8C0C-4011-9F8C-927B96886779}.Release|Any CPU.Deploy.0 = Release|Any CPU
		{41E1ED02-B34D-451D-808C-AD6E80FB0ADC}.Debug|Any CPU.ActiveCfg = Debug|Any CPU
		{41E1ED02-B34D-451D-808C-AD6E80FB0ADC}.Debug|Any CPU.Build.0 = Debug|Any CPU
		{41E1ED02-B34D-451D-808C-AD6E80FB0ADC}.Debug|Any CPU.Deploy.0 = Debug|Any CPU
		{41E1ED02-B34D-451D-808C-AD6E80FB0ADC}.Release|Any CPU.ActiveCfg = Release|Any CPU
		{41E1ED02-B34D-451D-808C-AD6E80FB0ADC}.Release|Any CPU.Build.0 = Release|Any CPU
		{41E1ED02-B34D-451D-808C-AD6E80FB0ADC}.Release|Any CPU.Deploy.0 = Release|Any CPU
	EndGlobalSection
	GlobalSection(SolutionProperties) = preSolution
		HideSolutionNode = FALSE
	EndGlobalSection
	GlobalSection(ExtensibilityGlobals) = postSolution
		SolutionGuid = {B760F1E3-A7AA-4FCA-ADCC-F6981303B245}
	EndGlobalSection
EndGlobal
